
Microsoft Visual Studio Solution File, Format Version 12.00
# Visual Studio Version 17
VisualStudioVersion = 17.6.33723.286
MinimumVisualStudioVersion = 10.0.40219.1
Project("{FAE04EC0-301F-11D3-BF4B-00C04F79EFBC}") = "NameDisplay", "NameDisplay\NameDisplay.csproj", "{DDA48327-67B3-43C7-81C9-C4ECE92D4A01}"
EndProject
Global
	GlobalSection(SolutionConfigurationPlatforms) = preSolution
		Debug|Any CPU = Debug|Any CPU
		Release|Any CPU = Release|Any CPU
	EndGlobalSection
	GlobalSection(ProjectConfigurationPlatforms) = postSolution
		{DDA48327-67B3-43C7-81C9-C4ECE92D4A01}.Debug|Any CPU.ActiveCfg = Debug|Any CPU
		{DDA48327-67B3-43C7-81C9-C4ECE92D4A01}.Debug|Any CPU.Build.0 = Debug|Any CPU
		{DDA48327-67B3-43C7-81C9-C4ECE92D4A01}.Release|Any CPU.ActiveCfg = Release|Any CPU
		{DDA48327-67B3-43C7-81C9-C4ECE92D4A01}.Release|Any CPU.Build.0 = Release|Any CPU
	EndGlobalSection
	GlobalSection(SolutionProperties) = preSolution
		HideSolutionNode = FALSE
	EndGlobalSection
	GlobalSection(ExtensibilityGlobals) = postSolution
		SolutionGuid = {8D0FDA1B-1F35-4367-ADE8-7DC8A2551838}
	EndGlobalSection
EndGlobal
